{
  "version": 4,
  "terraform_version": "1.3.9",
  "serial": 960,
  "lineage": "5a5e5668-581b-1007-e3e7-03d4094350f4",
  "outputs": {
    "emr_cluster_id": {
      "value": "j-3A5IIT7AJFPVU",
      "type": "string"
    },
    "emr_role_arn": {
      "value": "arn:aws:iam::505085077337:role/emr-10-role",
      "type": "string"
    },
    "s3_bucket_name": {
      "value": "emr-10-01-ecu32-9svapljq",
      "type": "string"
    }
  },
  "resources": [
    {
      "mode": "managed",
      "type": "aws_emr_cluster",
      "name": "emr_cluster",
      "provider": "provider[\"registry.terraform.io/hashicorp/aws\"]",
      "instances": [
        {
          "schema_version": 0,
          "attributes": {
            "additional_info": null,
            "applications": [
              "Hadoop",
              "JupyterEnterpriseGateway",
              "Spark"
            ],
            "arn": "arn:aws:elasticmapreduce:us-west-2:505085077337:cluster/j-3A5IIT7AJFPVU",
            "auto_termination_policy": [],
            "autoscaling_role": "",
            "bootstrap_action": [],
            "cluster_state": "WAITING",
            "configurations": null,
            "configurations_json": null,
            "core_instance_fleet": [],
            "core_instance_group": [
              {
                "autoscaling_policy": "",
                "bid_price": "",
                "ebs_config": [
                  {
                    "iops": 0,
                    "size": 32,
                    "throughput": 0,
                    "type": "gp2",
                    "volumes_per_instance": 1
                  }
                ],
                "id": "ig-1KSDLJ5E21QP0",
                "instance_count": 1,
                "instance_type": "c4.large",
                "name": ""
              }
            ],
            "custom_ami_id": "",
            "ebs_root_volume_size": 0,
            "ec2_attributes": [
              {
                "additional_master_security_groups": "",
                "additional_slave_security_groups": "",
                "emr_managed_master_security_group": "sg-07decb1f235646a26",
                "emr_managed_slave_security_group": "sg-0099b1bcc6e73b216",
                "instance_profile": "arn:aws:iam::505085077337:instance-profile/emr-10-role_instance_profile",
                "key_name": "emr07_keypair",
                "service_access_security_group": "",
                "subnet_id": "subnet-065a5982b706b5678",
                "subnet_ids": [
                  "subnet-065a5982b706b5678"
                ]
              }
            ],
            "id": "j-3A5IIT7AJFPVU",
            "keep_job_flow_alive_when_no_steps": true,
            "kerberos_attributes": [],
            "list_steps_states": null,
            "log_encryption_kms_key_id": "",
            "log_uri": "",
            "master_instance_fleet": [],
            "master_instance_group": [
              {
                "bid_price": "",
                "ebs_config": [
                  {
                    "iops": 0,
                    "size": 32,
                    "throughput": 0,
                    "type": "gp2",
                    "volumes_per_instance": 1
                  }
                ],
                "id": "ig-1UJSY43QF27MY",
                "instance_count": 1,
                "instance_type": "c4.large",
                "name": ""
              }
            ],
            "master_public_dns": "54.203.1.147",
            "name": "emr-10",
            "placement_group_config": [],
            "release_label": "emr-6.15.0",
            "scale_down_behavior": "TERMINATE_AT_TASK_COMPLETION",
            "security_configuration": "",
            "service_role": "arn:aws:iam::505085077337:role/emr-10-role",
            "step": [],
            "step_concurrency_level": 1,
            "tags": {},
            "tags_all": {},
            "termination_protection": false,
            "unhealthy_node_replacement": false,
            "visible_to_all_users": true
          },
          "sensitive_attributes": [],
          "private": "bnVsbA==",
          "dependencies": [
            "aws_iam_instance_profile.emr_instance_profile",
            "aws_iam_role.emr_role",
            "aws_key_pair.emr_keypair",
            "aws_security_group.emr_master_sg",
            "aws_security_group.emr_slave_sg",
            "aws_subnet.main",
            "aws_vpc.main"
          ]
        }
      ]
    },
    {
      "mode": "managed",
      "type": "aws_iam_instance_profile",
      "name": "emr_instance_profile",
      "provider": "provider[\"registry.terraform.io/hashicorp/aws\"]",
      "instances": [
        {
          "schema_version": 0,
          "attributes": {
            "arn": "arn:aws:iam::505085077337:instance-profile/emr-10-role_instance_profile",
            "create_date": "2024-07-08T15:20:23Z",
            "id": "emr-10-role_instance_profile",
            "name": "emr-10-role_instance_profile",
            "name_prefix": "",
            "path": "/",
            "role": "emr-10-role",
            "tags": {},
            "tags_all": {},
            "unique_id": "AIPAXLGLKU5M5ZQJZ2HER"
          },
          "sensitive_attributes": [],
          "private": "bnVsbA==",
          "dependencies": [
            "aws_iam_role.emr_role"
          ]
        }
      ]
    },
    {
      "mode": "managed",
      "type": "aws_iam_role",
      "name": "emr_role",
      "provider": "provider[\"registry.terraform.io/hashicorp/aws\"]",
      "instances": [
        {
          "schema_version": 0,
          "attributes": {
            "arn": "arn:aws:iam::505085077337:role/emr-10-role",
            "assume_role_policy": "{\"Statement\":[{\"Action\":[\"sts:AssumeRole\",\"sts:SetContext\",\"sts:TagSession\"],\"Effect\":\"Allow\",\"Principal\":{\"Service\":\"elasticmapreduce.amazonaws.com\"}}],\"Version\":\"2012-10-17\"}",
            "create_date": "2024-07-08T15:20:22Z",
            "description": "",
            "force_detach_policies": false,
            "id": "emr-10-role",
            "inline_policy": [
              {
                "name": "terraform-20240708152023491400000001",
                "policy": "{\"Version\":\"2012-10-17\",\"Statement\":[{\"Action\":[\"ec2:AuthorizeSecurityGroupEgress\",\"ec2:AuthorizeSecurityGroupIngress\",\"ec2:CancelSpotInstanceRequests\",\"ec2:CreateFleet\",\"ec2:CreateLaunchTemplate\",\"ec2:CreateNetworkInterface\",\"ec2:CreateSecurityGroup\",\"ec2:CreateTags\",\"ec2:DeleteLaunchTemplate\",\"ec2:DeleteNetworkInterface\",\"ec2:DeleteSecurityGroup\",\"ec2:DeleteTags\",\"ec2:DescribeAvailabilityZones\",\"ec2:DescribeAccountAttributes\",\"ec2:DescribeDhcpOptions\",\"ec2:DescribeImages\",\"ec2:DescribeInstanceStatus\",\"ec2:DescribeInstances\",\"ec2:DescribeKeyPairs\",\"ec2:DescribeLaunchTemplates\",\"ec2:DescribeNetworkAcls\",\"ec2:DescribeNetworkInterfaces\",\"ec2:DescribePrefixLists\",\"ec2:DescribeRouteTables\",\"ec2:DescribeSecurityGroups\",\"ec2:DescribeSpotInstanceRequests\",\"ec2:DescribeSpotPriceHistory\",\"ec2:DescribeSubnets\",\"ec2:DescribeTags\",\"ec2:DescribeVpcAttribute\",\"ec2:DescribeVpcEndpoints\",\"ec2:DescribeVpcEndpointServices\",\"ec2:DescribeVpcs\",\"ec2:DetachNetworkInterface\",\"ec2:ModifyImageAttribute\",\"ec2:ModifyInstanceAttribute\",\"ec2:RequestSpotInstances\",\"ec2:RevokeSecurityGroupEgress\",\"ec2:RunInstances\",\"ec2:TerminateInstances\",\"ec2:DeleteVolume\",\"ec2:DescribeVolumeStatus\",\"ec2:DescribeVolumes\",\"ec2:DetachVolume\",\"ec2:*\",\"iam:GetRole\",\"iam:GetRolePolicy\",\"iam:ListInstanceProfiles\",\"iam:ListRolePolicies\",\"iam:PassRole\",\"s3:CreateBucket\",\"s3:Get*\",\"s3:List*\",\"s3:*\",\"sdb:BatchPutAttributes\",\"sdb:Select\",\"sqs:CreateQueue\",\"sqs:Delete*\",\"sqs:GetQueue*\",\"sqs:PurgeQueue\",\"sqs:ReceiveMessage\",\"cloudwatch:PutMetricAlarm\",\"cloudwatch:DescribeAlarms\",\"cloudwatch:DeleteAlarms\",\"application-autoscaling:RegisterScalableTarget\",\"application-autoscaling:DeregisterScalableTarget\",\"application-autoscaling:PutScalingPolicy\",\"application-autoscaling:DeleteScalingPolicy\",\"application-autoscaling:Describe*\",\"emr-serverless:*\"],\"Effect\":\"Allow\",\"Resource\":\"*\"},{\"Action\":[\"iam:GetRole\",\"iam:PassRole\"],\"Effect\":\"Allow\",\"Resource\":\"*\"},{\"Action\":\"iam:CreateServiceLinkedRole\",\"Condition\":{\"StringLike\":{\"iam:AWSServiceName\":\"spot.amazonaws.com\"}},\"Effect\":\"Allow\",\"Resource\":\"arn:aws:iam::*:role/aws-service-role/spot.amazonaws.com/AWSServiceRoleForEC2Spot*\"},{\"Action\":[\"elasticmapreduce:Describe*\",\"elasticmapreduce:ListInstances\",\"elasticmapreduce:ListSteps\",\"elasticmapreduce:DescribeStep\",\"elasticmapreduce:AddJobFlowSteps\",\"elasticmapreduce:TerminateJobFlows\",\"elasticmapreduce:GetClusterSessionCredentials\",\"elasticmapreduce:CreateEditor\",\"elasticmapreduce:DescribeEditor\",\"elasticmapreduce:ListEditors\",\"elasticmapreduce:DeleteEditor\",\"elasticmapreduce:AttachEditor\",\"elasticmapreduce:DetachEditor\",\"elasticmapreduce:ListClusters\",\"elasticmapreduce:DescribeCluster\",\"elasticmapreduce:ListInstanceGroups\",\"elasticmapreduce:ListBootstrapActions\"],\"Effect\":\"Allow\",\"Resource\":\"*\"},{\"Action\":[\"cloudwatch:*\",\"logs:*\"],\"Effect\":\"Allow\",\"Resource\":\"*\"},{\"Action\":[\"ec2:CreateNetworkInterfacePermission\",\"ec2:DeleteNetworkInterface\"],\"Effect\":\"Allow\",\"Resource\":[\"arn:aws:ec2:*:*:network-interface/*\"],\"Sid\":\"AllowEC2ENIActionsWithEMRTags\"},{\"Action\":[\"ec2:ModifyNetworkInterfaceAttribute\"],\"Effect\":\"Allow\",\"Resource\":[\"arn:aws:ec2:*:*:instance/*\",\"arn:aws:ec2:*:*:network-interface/*\",\"arn:aws:ec2:*:*:security-group/*\"],\"Sid\":\"AllowEC2ENIAttributeAction\"},{\"Action\":[\"ec2:AuthorizeSecurityGroupEgress\",\"ec2:AuthorizeSecurityGroupIngress\",\"ec2:RevokeSecurityGroupEgress\",\"ec2:RevokeSecurityGroupIngress\",\"ec2:DeleteNetworkInterfacePermission\"],\"Effect\":\"Allow\",\"Resource\":\"*\",\"Sid\":\"AllowEC2SecurityGroupActionsWithEMRTags\"},{\"Action\":[\"ec2:CreateSecurityGroup\"],\"Effect\":\"Allow\",\"Resource\":[\"arn:aws:ec2:*:*:security-group/*\"],\"Sid\":\"AllowDefaultEC2SecurityGroupsCreationWithEMRTags\"},{\"Action\":[\"ec2:CreateSecurityGroup\"],\"Effect\":\"Allow\",\"Resource\":[\"arn:aws:ec2:*:*:vpc/*\"],\"Sid\":\"AllowDefaultEC2SecurityGroupsCreationInVPCWithEMRTags\"},{\"Action\":[\"ec2:CreateTags\"],\"Effect\":\"Allow\",\"Resource\":\"arn:aws:ec2:*:*:security-group/*\",\"Sid\":\"AllowAddingEMRTagsDuringDefaultSecurityGroupCreation\"},{\"Action\":[\"ec2:CreateNetworkInterface\"],\"Effect\":\"Allow\",\"Resource\":[\"arn:aws:ec2:*:*:network-interface/*\"],\"Sid\":\"AllowEC2ENICreationWithEMRTags\"},{\"Action\":[\"ec2:CreateNetworkInterface\"],\"Effect\":\"Allow\",\"Resource\":[\"arn:aws:ec2:*:*:subnet/*\",\"arn:aws:ec2:*:*:security-group/*\"],\"Sid\":\"AllowEC2ENICreationInSubnetAndSecurityGroupWithEMRTags\"},{\"Action\":[\"ec2:CreateTags\"],\"Effect\":\"Allow\",\"Resource\":\"arn:aws:ec2:*:*:network-interface/*\",\"Sid\":\"AllowAddingTagsDuringEC2ENICreation\"},{\"Action\":\"secretsmanager:TagResource\",\"Effect\":\"Allow\",\"Resource\":\"arn:aws:secretsmanager:*:*:secret:emr-studio-*\",\"Sid\":\"AllowAddingTagsOnSecretsWithEMRStudioPrefix\"},{\"Action\":\"iam:PassRole\",\"Effect\":\"Allow\",\"Resource\":[\"arn:aws:iam::*:role/*\"],\"Sid\":\"AllowPassingServiceRoleForWorkspaceCreation\"}]}"
              }
            ],
            "managed_policy_arns": [
              "arn:aws:iam::aws:policy/service-role/AmazonEMRServicePolicy_v2"
            ],
            "max_session_duration": 3600,
            "name": "emr-10-role",
            "name_prefix": "",
            "path": "/",
            "permissions_boundary": "",
            "tags": {},
            "tags_all": {},
            "unique_id": "AROAXLGLKU5M6DLZIHL6X"
          },
          "sensitive_attributes": [],
          "private": "bnVsbA=="
        }
      ]
    },
    {
      "mode": "managed",
      "type": "aws_iam_role_policy",
      "name": "emr_role_policy",
      "provider": "provider[\"registry.terraform.io/hashicorp/aws\"]",
      "instances": [
        {
          "schema_version": 0,
          "attributes": {
            "id": "emr-10-role:terraform-20240708152023491400000001",
            "name": "terraform-20240708152023491400000001",
            "name_prefix": "terraform-",
            "policy": "{\"Version\":\"2012-10-17\",\"Statement\":[{\"Action\":[\"ec2:AuthorizeSecurityGroupEgress\",\"ec2:AuthorizeSecurityGroupIngress\",\"ec2:CancelSpotInstanceRequests\",\"ec2:CreateFleet\",\"ec2:CreateLaunchTemplate\",\"ec2:CreateNetworkInterface\",\"ec2:CreateSecurityGroup\",\"ec2:CreateTags\",\"ec2:DeleteLaunchTemplate\",\"ec2:DeleteNetworkInterface\",\"ec2:DeleteSecurityGroup\",\"ec2:DeleteTags\",\"ec2:DescribeAvailabilityZones\",\"ec2:DescribeAccountAttributes\",\"ec2:DescribeDhcpOptions\",\"ec2:DescribeImages\",\"ec2:DescribeInstanceStatus\",\"ec2:DescribeInstances\",\"ec2:DescribeKeyPairs\",\"ec2:DescribeLaunchTemplates\",\"ec2:DescribeNetworkAcls\",\"ec2:DescribeNetworkInterfaces\",\"ec2:DescribePrefixLists\",\"ec2:DescribeRouteTables\",\"ec2:DescribeSecurityGroups\",\"ec2:DescribeSpotInstanceRequests\",\"ec2:DescribeSpotPriceHistory\",\"ec2:DescribeSubnets\",\"ec2:DescribeTags\",\"ec2:DescribeVpcAttribute\",\"ec2:DescribeVpcEndpoints\",\"ec2:DescribeVpcEndpointServices\",\"ec2:DescribeVpcs\",\"ec2:DetachNetworkInterface\",\"ec2:ModifyImageAttribute\",\"ec2:ModifyInstanceAttribute\",\"ec2:RequestSpotInstances\",\"ec2:RevokeSecurityGroupEgress\",\"ec2:RunInstances\",\"ec2:TerminateInstances\",\"ec2:DeleteVolume\",\"ec2:DescribeVolumeStatus\",\"ec2:DescribeVolumes\",\"ec2:DetachVolume\",\"ec2:*\",\"iam:GetRole\",\"iam:GetRolePolicy\",\"iam:ListInstanceProfiles\",\"iam:ListRolePolicies\",\"iam:PassRole\",\"s3:CreateBucket\",\"s3:Get*\",\"s3:List*\",\"s3:*\",\"sdb:BatchPutAttributes\",\"sdb:Select\",\"sqs:CreateQueue\",\"sqs:Delete*\",\"sqs:GetQueue*\",\"sqs:PurgeQueue\",\"sqs:ReceiveMessage\",\"cloudwatch:PutMetricAlarm\",\"cloudwatch:DescribeAlarms\",\"cloudwatch:DeleteAlarms\",\"application-autoscaling:RegisterScalableTarget\",\"application-autoscaling:DeregisterScalableTarget\",\"application-autoscaling:PutScalingPolicy\",\"application-autoscaling:DeleteScalingPolicy\",\"application-autoscaling:Describe*\",\"emr-serverless:*\"],\"Effect\":\"Allow\",\"Resource\":\"*\"},{\"Action\":[\"iam:GetRole\",\"iam:PassRole\"],\"Effect\":\"Allow\",\"Resource\":\"*\"},{\"Action\":\"iam:CreateServiceLinkedRole\",\"Condition\":{\"StringLike\":{\"iam:AWSServiceName\":\"spot.amazonaws.com\"}},\"Effect\":\"Allow\",\"Resource\":\"arn:aws:iam::*:role/aws-service-role/spot.amazonaws.com/AWSServiceRoleForEC2Spot*\"},{\"Action\":[\"elasticmapreduce:Describe*\",\"elasticmapreduce:ListInstances\",\"elasticmapreduce:ListSteps\",\"elasticmapreduce:DescribeStep\",\"elasticmapreduce:AddJobFlowSteps\",\"elasticmapreduce:TerminateJobFlows\",\"elasticmapreduce:GetClusterSessionCredentials\",\"elasticmapreduce:CreateEditor\",\"elasticmapreduce:DescribeEditor\",\"elasticmapreduce:ListEditors\",\"elasticmapreduce:DeleteEditor\",\"elasticmapreduce:AttachEditor\",\"elasticmapreduce:DetachEditor\",\"elasticmapreduce:ListClusters\",\"elasticmapreduce:DescribeCluster\",\"elasticmapreduce:ListInstanceGroups\",\"elasticmapreduce:ListBootstrapActions\"],\"Effect\":\"Allow\",\"Resource\":\"*\"},{\"Action\":[\"cloudwatch:*\",\"logs:*\"],\"Effect\":\"Allow\",\"Resource\":\"*\"},{\"Action\":[\"ec2:CreateNetworkInterfacePermission\",\"ec2:DeleteNetworkInterface\"],\"Effect\":\"Allow\",\"Resource\":[\"arn:aws:ec2:*:*:network-interface/*\"],\"Sid\":\"AllowEC2ENIActionsWithEMRTags\"},{\"Action\":[\"ec2:ModifyNetworkInterfaceAttribute\"],\"Effect\":\"Allow\",\"Resource\":[\"arn:aws:ec2:*:*:instance/*\",\"arn:aws:ec2:*:*:network-interface/*\",\"arn:aws:ec2:*:*:security-group/*\"],\"Sid\":\"AllowEC2ENIAttributeAction\"},{\"Action\":[\"ec2:AuthorizeSecurityGroupEgress\",\"ec2:AuthorizeSecurityGroupIngress\",\"ec2:RevokeSecurityGroupEgress\",\"ec2:RevokeSecurityGroupIngress\",\"ec2:DeleteNetworkInterfacePermission\"],\"Effect\":\"Allow\",\"Resource\":\"*\",\"Sid\":\"AllowEC2SecurityGroupActionsWithEMRTags\"},{\"Action\":[\"ec2:CreateSecurityGroup\"],\"Effect\":\"Allow\",\"Resource\":[\"arn:aws:ec2:*:*:security-group/*\"],\"Sid\":\"AllowDefaultEC2SecurityGroupsCreationWithEMRTags\"},{\"Action\":[\"ec2:CreateSecurityGroup\"],\"Effect\":\"Allow\",\"Resource\":[\"arn:aws:ec2:*:*:vpc/*\"],\"Sid\":\"AllowDefaultEC2SecurityGroupsCreationInVPCWithEMRTags\"},{\"Action\":[\"ec2:CreateTags\"],\"Effect\":\"Allow\",\"Resource\":\"arn:aws:ec2:*:*:security-group/*\",\"Sid\":\"AllowAddingEMRTagsDuringDefaultSecurityGroupCreation\"},{\"Action\":[\"ec2:CreateNetworkInterface\"],\"Effect\":\"Allow\",\"Resource\":[\"arn:aws:ec2:*:*:network-interface/*\"],\"Sid\":\"AllowEC2ENICreationWithEMRTags\"},{\"Action\":[\"ec2:CreateNetworkInterface\"],\"Effect\":\"Allow\",\"Resource\":[\"arn:aws:ec2:*:*:subnet/*\",\"arn:aws:ec2:*:*:security-group/*\"],\"Sid\":\"AllowEC2ENICreationInSubnetAndSecurityGroupWithEMRTags\"},{\"Action\":[\"ec2:CreateTags\"],\"Effect\":\"Allow\",\"Resource\":\"arn:aws:ec2:*:*:network-interface/*\",\"Sid\":\"AllowAddingTagsDuringEC2ENICreation\"},{\"Action\":\"secretsmanager:TagResource\",\"Effect\":\"Allow\",\"Resource\":\"arn:aws:secretsmanager:*:*:secret:emr-studio-*\",\"Sid\":\"AllowAddingTagsOnSecretsWithEMRStudioPrefix\"},{\"Action\":\"iam:PassRole\",\"Effect\":\"Allow\",\"Resource\":[\"arn:aws:iam::*:role/*\"],\"Sid\":\"AllowPassingServiceRoleForWorkspaceCreation\"}]}",
            "role": "emr-10-role"
          },
          "sensitive_attributes": [],
          "private": "bnVsbA==",
          "dependencies": [
            "aws_iam_role.emr_role"
          ]
        }
      ]
    },
    {
      "mode": "managed",
      "type": "aws_iam_role_policy_attachment",
      "name": "emr_service_role_attach",
      "provider": "provider[\"registry.terraform.io/hashicorp/aws\"]",
      "instances": [
        {
          "schema_version": 0,
          "attributes": {
            "id": "emr-10-role-20240708154055011400000001",
            "policy_arn": "arn:aws:iam::aws:policy/service-role/AmazonEMRServicePolicy_v2",
            "role": "emr-10-role"
          },
          "sensitive_attributes": [],
          "private": "bnVsbA==",
          "dependencies": [
            "aws_iam_role.emr_role"
          ]
        }
      ]
    },
    {
      "mode": "managed",
      "type": "aws_internet_gateway",
      "name": "gw",
      "provider": "provider[\"registry.terraform.io/hashicorp/aws\"]",
      "instances": [
        {
          "schema_version": 0,
          "attributes": {
            "arn": "arn:aws:ec2:us-west-2:505085077337:internet-gateway/igw-0c984338b4cbf0660",
            "id": "igw-0c984338b4cbf0660",
            "owner_id": "505085077337",
            "tags": {
              "Name": "emr-gateway"
            },
            "tags_all": {
              "Name": "emr-gateway"
            },
            "timeouts": null,
            "vpc_id": "vpc-08b26aa7127c5be6e"
          },
          "sensitive_attributes": [],
          "private": "eyJlMmJmYjczMC1lY2FhLTExZTYtOGY4OC0zNDM2M2JjN2M0YzAiOnsiY3JlYXRlIjoxMjAwMDAwMDAwMDAwLCJkZWxldGUiOjEyMDAwMDAwMDAwMDAsInVwZGF0ZSI6MTIwMDAwMDAwMDAwMH19",
          "dependencies": [
            "aws_vpc.main"
          ]
        }
      ]
    },
    {
      "mode": "managed",
      "type": "aws_key_pair",
      "name": "emr_keypair",
      "provider": "provider[\"registry.terraform.io/hashicorp/aws\"]",
      "instances": [
        {
          "schema_version": 1,
          "attributes": {
            "arn": "arn:aws:ec2:us-west-2:505085077337:key-pair/emr07_keypair",
            "fingerprint": "42:a2:8a:c0:ad:a0:2d:bd:f5:d6:21:68:81:5f:a5:b4",
            "id": "emr07_keypair",
            "key_name": "emr07_keypair",
            "key_name_prefix": "",
            "key_pair_id": "key-05409c13f3d1ce1b4",
            "key_type": "rsa",
            "public_key": "ssh-rsa AAAAB3NzaC1yc2EAAAADAQABAAABAQCdH5HZmvKYI2YclSFbztCJY/CGdm3xouE07nnCh+DfbJhAUjzsvXJu5DA9yIBXLwAM19ES6V4Bh2Wkef7LgGvwauxTmoiBt9MVgxkLeCZ6V7RDjoTcBwmVfk4vQzptXsDJm2RFJl1BqEIN4GSpyjLjmjEywKIuO3HRPNyu8j2WtoI6GsRR52j9hI7LOSEOA7c57o8J27SIVq55XgDXVRLCtt90h11cdo/SESm7sJ9P0RWNj6lZq17fXx5VXsxdiJ1XKkBxxC+FE5s6INtrDqiM9F/5KGLe+d7ZDnK1sMf5/95qg6rlTy8ZWmna/Yg6qIjUXrtxJ4Mka0L46b1DxlUN",
            "tags": {
              "env": "teste"
            },
            "tags_all": {
              "env": "teste"
            }
          },
          "sensitive_attributes": [],
          "private": "eyJzY2hlbWFfdmVyc2lvbiI6IjEifQ=="
        }
      ]
    },
    {
      "mode": "managed",
      "type": "aws_route_table",
      "name": "rt",
      "provider": "provider[\"registry.terraform.io/hashicorp/aws\"]",
      "instances": [
        {
          "schema_version": 0,
          "attributes": {
            "arn": "arn:aws:ec2:us-west-2:505085077337:route-table/rtb-0840f2adbb8d8943f",
            "id": "rtb-0840f2adbb8d8943f",
            "owner_id": "505085077337",
            "propagating_vgws": [],
            "route": [
              {
                "carrier_gateway_id": "",
                "cidr_block": "0.0.0.0/0",
                "core_network_arn": "",
                "destination_prefix_list_id": "",
                "egress_only_gateway_id": "",
                "gateway_id": "igw-0c984338b4cbf0660",
                "ipv6_cidr_block": "",
                "local_gateway_id": "",
                "nat_gateway_id": "",
                "network_interface_id": "",
                "transit_gateway_id": "",
                "vpc_endpoint_id": "",
                "vpc_peering_connection_id": ""
              }
            ],
            "tags": {
              "Name": "emr-route-table"
            },
            "tags_all": {
              "Name": "emr-route-table"
            },
            "timeouts": null,
            "vpc_id": "vpc-08b26aa7127c5be6e"
          },
          "sensitive_attributes": [],
          "private": "eyJlMmJmYjczMC1lY2FhLTExZTYtOGY4OC0zNDM2M2JjN2M0YzAiOnsiY3JlYXRlIjozMDAwMDAwMDAwMDAsImRlbGV0ZSI6MzAwMDAwMDAwMDAwLCJ1cGRhdGUiOjEyMDAwMDAwMDAwMH19",
          "dependencies": [
            "aws_internet_gateway.gw",
            "aws_vpc.main"
          ]
        }
      ]
    },
    {
      "mode": "managed",
      "type": "aws_route_table_association",
      "name": "a",
      "provider": "provider[\"registry.terraform.io/hashicorp/aws\"]",
      "instances": [
        {
          "schema_version": 0,
          "attributes": {
            "gateway_id": "",
            "id": "rtbassoc-0005b1f581d30bf73",
            "route_table_id": "rtb-0840f2adbb8d8943f",
            "subnet_id": "subnet-065a5982b706b5678",
            "timeouts": null
          },
          "sensitive_attributes": [],
          "private": "eyJlMmJmYjczMC1lY2FhLTExZTYtOGY4OC0zNDM2M2JjN2M0YzAiOnsiY3JlYXRlIjozMDAwMDAwMDAwMDAsImRlbGV0ZSI6MzAwMDAwMDAwMDAwLCJ1cGRhdGUiOjEyMDAwMDAwMDAwMH19",
          "dependencies": [
            "aws_internet_gateway.gw",
            "aws_route_table.rt",
            "aws_subnet.main",
            "aws_vpc.main"
          ]
        }
      ]
    },
    {
      "mode": "managed",
      "type": "aws_s3_bucket",
      "name": "emrbucket",
      "provider": "provider[\"registry.terraform.io/hashicorp/aws\"]",
      "instances": [
        {
          "schema_version": 0,
          "attributes": {
            "acceleration_status": "",
            "acl": null,
            "arn": "arn:aws:s3:::emr-10-01-ecu32-9svapljq",
            "bucket": "emr-10-01-ecu32-9svapljq",
            "bucket_domain_name": "emr-10-01-ecu32-9svapljq.s3.amazonaws.com",
            "bucket_prefix": "",
            "bucket_regional_domain_name": "emr-10-01-ecu32-9svapljq.s3.us-west-2.amazonaws.com",
            "cors_rule": [],
            "force_destroy": false,
            "grant": [
              {
                "id": "7338e381f5d928db352ac7836f9214dc8b3f2dd3d2d6cf1962a05e083b776200",
                "permissions": [
                  "FULL_CONTROL"
                ],
                "type": "CanonicalUser",
                "uri": ""
              }
            ],
            "hosted_zone_id": "Z3BJ6K6RIION7M",
            "id": "emr-10-01-ecu32-9svapljq",
            "lifecycle_rule": [],
            "logging": [],
            "object_lock_configuration": [],
            "object_lock_enabled": false,
            "policy": "",
            "region": "us-west-2",
            "replication_configuration": [],
            "request_payer": "BucketOwner",
            "server_side_encryption_configuration": [
              {
                "rule": [
                  {
                    "apply_server_side_encryption_by_default": [
                      {
                        "kms_master_key_id": "",
                        "sse_algorithm": "AES256"
                      }
                    ],
                    "bucket_key_enabled": false
                  }
                ]
              }
            ],
            "tags": {},
            "tags_all": {},
            "timeouts": null,
            "versioning": [
              {
                "enabled": false,
                "mfa_delete": false
              }
            ],
            "website": [],
            "website_domain": null,
            "website_endpoint": null
          },
          "sensitive_attributes": [],
          "private": "eyJlMmJmYjczMC1lY2FhLTExZTYtOGY4OC0zNDM2M2JjN2M0YzAiOnsiY3JlYXRlIjoxMjAwMDAwMDAwMDAwLCJkZWxldGUiOjM2MDAwMDAwMDAwMDAsInJlYWQiOjEyMDAwMDAwMDAwMDAsInVwZGF0ZSI6MTIwMDAwMDAwMDAwMH19",
          "dependencies": [
            "random_string.suffix"
          ]
        }
      ]
    },
    {
      "mode": "managed",
      "type": "aws_security_group",
      "name": "emr_editor",
      "provider": "provider[\"registry.terraform.io/hashicorp/aws\"]",
      "instances": [
        {
          "schema_version": 1,
          "attributes": {
            "arn": "arn:aws:ec2:us-west-2:505085077337:security-group/sg-08a6c2f7b783a78f3",
            "description": "Managed by Terraform",
            "egress": [
              {
                "cidr_blocks": [],
                "description": "",
                "from_port": 0,
                "ipv6_cidr_blocks": [],
                "prefix_list_ids": [],
                "protocol": "tcp",
                "security_groups": [
                  "sg-07decb1f235646a26"
                ],
                "self": false,
                "to_port": 63535
              }
            ],
            "id": "sg-08a6c2f7b783a78f3",
            "ingress": [],
            "name": "terraform-20240708152030096300000005",
            "name_prefix": "terraform-",
            "owner_id": "505085077337",
            "revoke_rules_on_delete": false,
            "tags": {
              "Name": "emre-editor"
            },
            "tags_all": {
              "Name": "emre-editor"
            },
            "timeouts": null,
            "vpc_id": "vpc-08b26aa7127c5be6e"
          },
          "sensitive_attributes": [],
          "private": "eyJlMmJmYjczMC1lY2FhLTExZTYtOGY4OC0zNDM2M2JjN2M0YzAiOnsiY3JlYXRlIjo2MDAwMDAwMDAwMDAsImRlbGV0ZSI6OTAwMDAwMDAwMDAwfSwic2NoZW1hX3ZlcnNpb24iOiIxIn0=",
          "dependencies": [
            "aws_security_group.emr_master_sg",
            "aws_vpc.main"
          ]
        }
      ]
    },
    {
      "mode": "managed",
      "type": "aws_security_group",
      "name": "emr_master_sg",
      "provider": "provider[\"registry.terraform.io/hashicorp/aws\"]",
      "instances": [
        {
          "schema_version": 1,
          "attributes": {
            "arn": "arn:aws:ec2:us-west-2:505085077337:security-group/sg-07decb1f235646a26",
            "description": "Managed by Terraform",
            "egress": [
              {
                "cidr_blocks": [
                  "0.0.0.0/0"
                ],
                "description": "",
                "from_port": 0,
                "ipv6_cidr_blocks": [],
                "prefix_list_ids": [],
                "protocol": "-1",
                "security_groups": [],
                "self": false,
                "to_port": 0
              }
            ],
            "id": "sg-07decb1f235646a26",
            "ingress": [
              {
                "cidr_blocks": [
                  "0.0.0.0/0"
                ],
                "description": null,
                "from_port": 22,
                "ipv6_cidr_blocks": [],
                "prefix_list_ids": [],
                "protocol": "tcp",
                "security_groups": [],
                "self": false,
                "to_port": 22
              }
            ],
            "name": "terraform-20240708152025662500000002",
            "name_prefix": "terraform-",
            "owner_id": "505085077337",
            "revoke_rules_on_delete": false,
            "tags": {
              "Name": "emr-10-master-sg"
            },
            "tags_all": {
              "Name": "emr-10-master-sg"
            },
            "timeouts": null,
            "vpc_id": "vpc-08b26aa7127c5be6e"
          },
          "sensitive_attributes": [],
          "private": "eyJlMmJmYjczMC1lY2FhLTExZTYtOGY4OC0zNDM2M2JjN2M0YzAiOnsiY3JlYXRlIjo2MDAwMDAwMDAwMDAsImRlbGV0ZSI6OTAwMDAwMDAwMDAwfSwic2NoZW1hX3ZlcnNpb24iOiIxIn0=",
          "dependencies": [
            "aws_vpc.main"
          ]
        }
      ]
    },
    {
      "mode": "managed",
      "type": "aws_security_group",
      "name": "emr_slave_sg",
      "provider": "provider[\"registry.terraform.io/hashicorp/aws\"]",
      "instances": [
        {
          "schema_version": 1,
          "attributes": {
            "arn": "arn:aws:ec2:us-west-2:505085077337:security-group/sg-0099b1bcc6e73b216",
            "description": "Managed by Terraform",
            "egress": [
              {
                "cidr_blocks": [
                  "0.0.0.0/0"
                ],
                "description": "",
                "from_port": 0,
                "ipv6_cidr_blocks": [],
                "prefix_list_ids": [],
                "protocol": "-1",
                "security_groups": [],
                "self": false,
                "to_port": 0
              }
            ],
            "id": "sg-0099b1bcc6e73b216",
            "ingress": [
              {
                "cidr_blocks": [
                  "0.0.0.0/0"
                ],
                "description": null,
                "from_port": 22,
                "ipv6_cidr_blocks": [],
                "prefix_list_ids": [],
                "protocol": "tcp",
                "security_groups": [],
                "self": false,
                "to_port": 22
              },
              {
                "cidr_blocks": [
                  "10.0.0.0/16"
                ],
                "description": "",
                "from_port": 0,
                "ipv6_cidr_blocks": [],
                "prefix_list_ids": [],
                "protocol": "tcp",
                "security_groups": [],
                "self": false,
                "to_port": 65535
              }
            ],
            "name": "terraform-20240708152025667200000003",
            "name_prefix": "terraform-",
            "owner_id": "505085077337",
            "revoke_rules_on_delete": false,
            "tags": {
              "Name": "emr-10-slave-sg"
            },
            "tags_all": {
              "Name": "emr-10-slave-sg"
            },
            "timeouts": null,
            "vpc_id": "vpc-08b26aa7127c5be6e"
          },
          "sensitive_attributes": [],
          "private": "eyJlMmJmYjczMC1lY2FhLTExZTYtOGY4OC0zNDM2M2JjN2M0YzAiOnsiY3JlYXRlIjo2MDAwMDAwMDAwMDAsImRlbGV0ZSI6OTAwMDAwMDAwMDAwfSwic2NoZW1hX3ZlcnNpb24iOiIxIn0=",
          "dependencies": [
            "aws_vpc.main"
          ]
        }
      ]
    },
    {
      "mode": "managed",
      "type": "aws_security_group",
      "name": "engine_sg",
      "provider": "provider[\"registry.terraform.io/hashicorp/aws\"]",
      "instances": [
        {
          "schema_version": 1,
          "attributes": {
            "arn": "arn:aws:ec2:us-west-2:505085077337:security-group/sg-07ecee65f942fa061",
            "description": "Managed by Terraform",
            "egress": [],
            "id": "sg-07ecee65f942fa061",
            "ingress": [
              {
                "cidr_blocks": [],
                "description": "",
                "from_port": 18888,
                "ipv6_cidr_blocks": [],
                "prefix_list_ids": [],
                "protocol": "tcp",
                "security_groups": [
                  "sg-0d5aa00fef64ec17c"
                ],
                "self": false,
                "to_port": 18888
              }
            ],
            "name": "terraform-20240708160617334300000002",
            "name_prefix": "terraform-",
            "owner_id": "505085077337",
            "revoke_rules_on_delete": false,
            "tags": {
              "Name": "emr-10-emrs-engine-sg"
            },
            "tags_all": {
              "Name": "emr-10-emrs-engine-sg"
            },
            "timeouts": null,
            "vpc_id": "vpc-08b26aa7127c5be6e"
          },
          "sensitive_attributes": [],
          "private": "eyJlMmJmYjczMC1lY2FhLTExZTYtOGY4OC0zNDM2M2JjN2M0YzAiOnsiY3JlYXRlIjo2MDAwMDAwMDAwMDAsImRlbGV0ZSI6OTAwMDAwMDAwMDAwfSwic2NoZW1hX3ZlcnNpb24iOiIxIn0=",
          "dependencies": [
            "aws_security_group.workspace_sg",
            "aws_vpc.main"
          ]
        }
      ]
    },
    {
      "mode": "managed",
      "type": "aws_security_group",
      "name": "workspace_sg",
      "provider": "provider[\"registry.terraform.io/hashicorp/aws\"]",
      "instances": [
        {
          "schema_version": 1,
          "attributes": {
            "arn": "arn:aws:ec2:us-west-2:505085077337:security-group/sg-0d5aa00fef64ec17c",
            "description": "Managed by Terraform",
            "egress": [
              {
                "cidr_blocks": [],
                "description": "",
                "from_port": 18888,
                "ipv6_cidr_blocks": [],
                "prefix_list_ids": [],
                "protocol": "tcp",
                "security_groups": [
                  "sg-07ecee65f942fa061"
                ],
                "self": false,
                "to_port": 18888
              }
            ],
            "id": "sg-0d5aa00fef64ec17c",
            "ingress": [],
            "name": "terraform-20240708160613744800000001",
            "name_prefix": "terraform-",
            "owner_id": "505085077337",
            "revoke_rules_on_delete": false,
            "tags": {
              "Name": "emr-10-emrs-ws-sg"
            },
            "tags_all": {
              "Name": "emr-10-emrs-ws-sg"
            },
            "timeouts": null,
            "vpc_id": "vpc-08b26aa7127c5be6e"
          },
          "sensitive_attributes": [],
          "private": "eyJlMmJmYjczMC1lY2FhLTExZTYtOGY4OC0zNDM2M2JjN2M0YzAiOnsiY3JlYXRlIjo2MDAwMDAwMDAwMDAsImRlbGV0ZSI6OTAwMDAwMDAwMDAwfSwic2NoZW1hX3ZlcnNpb24iOiIxIn0=",
          "dependencies": [
            "aws_vpc.main"
          ]
        }
      ]
    },
    {
      "mode": "managed",
      "type": "aws_subnet",
      "name": "main",
      "provider": "provider[\"registry.terraform.io/hashicorp/aws\"]",
      "instances": [
        {
          "schema_version": 1,
          "attributes": {
            "arn": "arn:aws:ec2:us-west-2:505085077337:subnet/subnet-065a5982b706b5678",
            "assign_ipv6_address_on_creation": false,
            "availability_zone": "us-west-2a",
            "availability_zone_id": "usw2-az2",
            "cidr_block": "10.0.1.0/24",
            "customer_owned_ipv4_pool": "",
            "enable_dns64": false,
            "enable_lni_at_device_index": 0,
            "enable_resource_name_dns_a_record_on_launch": false,
            "enable_resource_name_dns_aaaa_record_on_launch": false,
            "id": "subnet-065a5982b706b5678",
            "ipv6_cidr_block": "",
            "ipv6_cidr_block_association_id": "",
            "ipv6_native": false,
            "map_customer_owned_ip_on_launch": false,
            "map_public_ip_on_launch": false,
            "outpost_arn": "",
            "owner_id": "505085077337",
            "private_dns_hostname_type_on_launch": "ip-name",
            "tags": {
              "Name": "emr-10-subnet"
            },
            "tags_all": {
              "Name": "emr-10-subnet"
            },
            "timeouts": null,
            "vpc_id": "vpc-08b26aa7127c5be6e"
          },
          "sensitive_attributes": [],
          "private": "eyJlMmJmYjczMC1lY2FhLTExZTYtOGY4OC0zNDM2M2JjN2M0YzAiOnsiY3JlYXRlIjo2MDAwMDAwMDAwMDAsImRlbGV0ZSI6MTIwMDAwMDAwMDAwMH0sInNjaGVtYV92ZXJzaW9uIjoiMSJ9",
          "dependencies": [
            "aws_vpc.main"
          ]
        }
      ]
    },
    {
      "mode": "managed",
      "type": "aws_vpc",
      "name": "main",
      "provider": "provider[\"registry.terraform.io/hashicorp/aws\"]",
      "instances": [
        {
          "schema_version": 1,
          "attributes": {
            "arn": "arn:aws:ec2:us-west-2:505085077337:vpc/vpc-08b26aa7127c5be6e",
            "assign_generated_ipv6_cidr_block": false,
            "cidr_block": "10.0.0.0/16",
            "default_network_acl_id": "acl-0226fdb792b48b75b",
            "default_route_table_id": "rtb-0aad7b83193ff871f",
            "default_security_group_id": "sg-066754336826af862",
            "dhcp_options_id": "dopt-91c5cdf3",
            "enable_dns_hostnames": false,
            "enable_dns_support": true,
            "enable_network_address_usage_metrics": false,
            "id": "vpc-08b26aa7127c5be6e",
            "instance_tenancy": "default",
            "ipv4_ipam_pool_id": null,
            "ipv4_netmask_length": null,
            "ipv6_association_id": "",
            "ipv6_cidr_block": "",
            "ipv6_cidr_block_network_border_group": "",
            "ipv6_ipam_pool_id": "",
            "ipv6_netmask_length": 0,
            "main_route_table_id": "rtb-0aad7b83193ff871f",
            "owner_id": "505085077337",
            "tags": {
              "Name": "emrvpc01"
            },
            "tags_all": {
              "Name": "emrvpc01"
            }
          },
          "sensitive_attributes": [],
          "private": "eyJzY2hlbWFfdmVyc2lvbiI6IjEifQ=="
        }
      ]
    },
    {
      "mode": "managed",
      "type": "aws_vpc_security_group_egress_rule",
      "name": "workspace_2_engine_sg",
      "provider": "provider[\"registry.terraform.io/hashicorp/aws\"]",
      "instances": [
        {
          "schema_version": 0,
          "attributes": {
            "arn": "arn:aws:ec2:us-west-2:505085077337:security-group-rule/sgr-0f50ce248a23f38e2",
            "cidr_ipv4": null,
            "cidr_ipv6": null,
            "description": null,
            "from_port": 18888,
            "id": "sgr-0f50ce248a23f38e2",
            "ip_protocol": "tcp",
            "prefix_list_id": null,
            "referenced_security_group_id": "sg-07ecee65f942fa061",
            "security_group_id": "sg-0d5aa00fef64ec17c",
            "security_group_rule_id": "sgr-0f50ce248a23f38e2",
            "tags": {
              "Name": "egress-2-emre-engine"
            },
            "tags_all": {
              "Name": "egress-2-emre-engine"
            },
            "to_port": 18888
          },
          "sensitive_attributes": [],
          "dependencies": [
            "aws_security_group.engine_sg",
            "aws_security_group.workspace_sg",
            "aws_vpc.main"
          ]
        }
      ]
    },
    {
      "mode": "managed",
      "type": "aws_vpc_security_group_ingress_rule",
      "name": "sg_master_2_editor",
      "provider": "provider[\"registry.terraform.io/hashicorp/aws\"]",
      "instances": [
        {
          "schema_version": 0,
          "attributes": {
            "arn": "arn:aws:ec2:us-west-2:505085077337:security-group-rule/sgr-0b758a8c371bcc541",
            "cidr_ipv4": null,
            "cidr_ipv6": null,
            "description": null,
            "from_port": 0,
            "id": "sgr-0b758a8c371bcc541",
            "ip_protocol": "tcp",
            "prefix_list_id": null,
            "referenced_security_group_id": "sg-08a6c2f7b783a78f3",
            "security_group_id": "sg-07decb1f235646a26",
            "security_group_rule_id": "sgr-0b758a8c371bcc541",
            "tags": {
              "Name": "igress-2-emre-editor"
            },
            "tags_all": {
              "Name": "igress-2-emre-editor"
            },
            "to_port": 63535
          },
          "sensitive_attributes": [],
          "dependencies": [
            "aws_security_group.emr_editor",
            "aws_security_group.emr_master_sg",
            "aws_vpc.main"
          ]
        }
      ]
    },
    {
      "mode": "managed",
      "type": "random_string",
      "name": "suffix",
      "provider": "provider[\"registry.terraform.io/hashicorp/random\"]",
      "instances": [
        {
          "schema_version": 1,
          "attributes": {
            "id": "9svapljq",
            "keepers": null,
            "length": 8,
            "lower": true,
            "min_lower": 0,
            "min_numeric": 0,
            "min_special": 0,
            "min_upper": 0,
            "number": true,
            "override_special": null,
            "result": "9svapljq",
            "special": false,
            "upper": false
          },
          "sensitive_attributes": [],
          "private": "eyJzY2hlbWFfdmVyc2lvbiI6IjEifQ=="
        }
      ]
    }
  ],
  "check_results": null
}
